PODS:
  - YTBasic (0.1.1):
    - YTBasic/Fundation (= 0.1.1)
    - YTBasic/Global (= 0.1.1)
    - YTBasic/UIKit (= 0.1.1)
  - YTBasic/Fundation (0.1.1)
  - YTBasic/Global (0.1.1)
  - YTBasic/UIKit (0.1.1):
    - YTBasic/Global

DEPENDENCIES:
  - YTBasic (from `../`)

EXTERNAL SOURCES:
  YTBasic:
    :path: "../"

SPEC CHECKSUMS:
  YTBasic: 00a190b062e092af4e6960fc2e348db47b8fc1df

PODFILE CHECKSUM: 0cf3e40bd8fb52900e57a899e88a19ac023618e2

COCOAPODS: 1.5.2
